
Microsoft Visual Studio Solution File, Format Version 12.00
# Visual Studio Version 16
VisualStudioVersion = 16.0.30204.135
MinimumVisualStudioVersion = 10.0.40219.1
Project("{8BC9CEB8-8B4A-11D0-8D11-00A0C91BC942}") = "Project1", "Project1\Project1.vcxproj", "{C56F9116-5C37-4824-8C19-F14868CBCEBA}"
EndProject
Global
	GlobalSection(SolutionConfigurationPlatforms) = preSolution
		Debug|x64 = Debug|x64
		Debug|x86 = Debug|x86
		Release|x64 = Release|x64
		Release|x86 = Release|x86
	EndGlobalSection
	GlobalSection(ProjectConfigurationPlatforms) = postSolution
		{C56F9116-5C37-4824-8C19-F14868CBCEBA}.Debug|x64.ActiveCfg = Debug|x64
		{C56F9116-5C37-4824-8C19-F14868CBCEBA}.Debug|x64.Build.0 = Debug|x64
		{C56F9116-5C37-4824-8C19-F14868CBCEBA}.Debug|x86.ActiveCfg = Debug|Win32
		{C56F9116-5C37-4824-8C19-F14868CBCEBA}.Debug|x86.Build.0 = Debug|Win32
		{C56F9116-5C37-4824-8C19-F14868CBCEBA}.Release|x64.ActiveCfg = Release|x64
		{C56F9116-5C37-4824-8C19-F14868CBCEBA}.Release|x64.Build.0 = Release|x64
		{C56F9116-5C37-4824-8C19-F14868CBCEBA}.Release|x86.ActiveCfg = Release|Win32
		{C56F9116-5C37-4824-8C19-F14868CBCEBA}.Release|x86.Build.0 = Release|Win32
	EndGlobalSection
	GlobalSection(SolutionProperties) = preSolution
		HideSolutionNode = FALSE
	EndGlobalSection
	GlobalSection(ExtensibilityGlobals) = postSolution
		SolutionGuid = {04208A6C-7B14-4689-BEB5-1D5C1AB1BE47}
	EndGlobalSection
EndGlobal
